
Microsoft Visual Studio Solution File, Format Version 12.00
# Visual Studio Version 17
VisualStudioVersion = 17.14.36518.9
MinimumVisualStudioVersion = 10.0.40219.1
Project("{FAE04EC0-301F-11D3-BF4B-00C04F79EFBC}") = "ConsoleApp 5", "ConsoleApp 5.csproj", "{94550CB5-76DB-4E4C-A5FD-D9E666D9B522}"
EndProject
Project("{FAE04EC0-301F-11D3-BF4B-00C04F79EFBC}") = "HospitalManagementSystem", "..\HospitalManagementSystem\HospitalManagementSystem.csproj", "{FD92A909-E69E-46E8-A286-20CC6182C9D3}"
EndProject
Project("{FAE04EC0-301F-11D3-BF4B-00C04F79EFBC}") = "LoginSystem", "..\LoginSystem\LoginSystem.csproj", "{02F4AE44-5D5F-43F2-8E64-4F75CE3CE234}"
EndProject
Project("{FAE04EC0-301F-11D3-BF4B-00C04F79EFBC}") = "SIMS", "..\SIMS\SIMS.csproj", "{66445C8E-C0AD-4118-92A4-C6B9CA927BC3}"
EndProject
Project("{FAE04EC0-301F-11D3-BF4B-00C04F79EFBC}") = "FileHandling", "..\FileHandling\FileHandling.csproj", "{3D7F80B2-C0B9-4BE7-B935-5483B9425C2F}"
EndProject
Project("{FAE04EC0-301F-11D3-BF4B-00C04F79EFBC}") = "Inventory & Billing System (Retail Store)", "..\Inventory & Billing System (Retail Store)\Inventory & Billing System (Retail Store).csproj", "{0F4BA643-EC45-4806-9407-498E0131FCB5}"
EndProject
Project("{FAE04EC0-301F-11D3-BF4B-00C04F79EFBC}") = "Threading & Concurrency in C#", "..\Threading & Concurrency in C#\Threading & Concurrency in C#.csproj", "{827E7FA5-6CE4-4C25-AFE7-8C04C3A71768}"
EndProject
Project("{FAE04EC0-301F-11D3-BF4B-00C04F79EFBC}") = "LeaderBoard", "..\LeaderBoard\LeaderBoard.csproj", "{47C5013B-1CC6-4CE9-BC94-C4787D955CBA}"
EndProject
Global
	GlobalSection(SolutionConfigurationPlatforms) = preSolution
		Debug|Any CPU = Debug|Any CPU
		Release|Any CPU = Release|Any CPU
	EndGlobalSection
	GlobalSection(ProjectConfigurationPlatforms) = postSolution
		{94550CB5-76DB-4E4C-A5FD-D9E666D9B522}.Debug|Any CPU.ActiveCfg = Debug|Any CPU
		{94550CB5-76DB-4E4C-A5FD-D9E666D9B522}.Debug|Any CPU.Build.0 = Debug|Any CPU
		{94550CB5-76DB-4E4C-A5FD-D9E666D9B522}.Release|Any CPU.ActiveCfg = Release|Any CPU
		{94550CB5-76DB-4E4C-A5FD-D9E666D9B522}.Release|Any CPU.Build.0 = Release|Any CPU
		{FD92A909-E69E-46E8-A286-20CC6182C9D3}.Debug|Any CPU.ActiveCfg = Debug|Any CPU
		{FD92A909-E69E-46E8-A286-20CC6182C9D3}.Debug|Any CPU.Build.0 = Debug|Any CPU
		{FD92A909-E69E-46E8-A286-20CC6182C9D3}.Release|Any CPU.ActiveCfg = Release|Any CPU
		{FD92A909-E69E-46E8-A286-20CC6182C9D3}.Release|Any CPU.Build.0 = Release|Any CPU
		{02F4AE44-5D5F-43F2-8E64-4F75CE3CE234}.Debug|Any CPU.ActiveCfg = Debug|Any CPU
		{02F4AE44-5D5F-43F2-8E64-4F75CE3CE234}.Debug|Any CPU.Build.0 = Debug|Any CPU
		{02F4AE44-5D5F-43F2-8E64-4F75CE3CE234}.Release|Any CPU.ActiveCfg = Release|Any CPU
		{02F4AE44-5D5F-43F2-8E64-4F75CE3CE234}.Release|Any CPU.Build.0 = Release|Any CPU
		{66445C8E-C0AD-4118-92A4-C6B9CA927BC3}.Debug|Any CPU.ActiveCfg = Debug|Any CPU
		{66445C8E-C0AD-4118-92A4-C6B9CA927BC3}.Debug|Any CPU.Build.0 = Debug|Any CPU
		{66445C8E-C0AD-4118-92A4-C6B9CA927BC3}.Release|Any CPU.ActiveCfg = Release|Any CPU
		{66445C8E-C0AD-4118-92A4-C6B9CA927BC3}.Release|Any CPU.Build.0 = Release|Any CPU
		{3D7F80B2-C0B9-4BE7-B935-5483B9425C2F}.Debug|Any CPU.ActiveCfg = Debug|Any CPU
		{3D7F80B2-C0B9-4BE7-B935-5483B9425C2F}.Debug|Any CPU.Build.0 = Debug|Any CPU
		{3D7F80B2-C0B9-4BE7-B935-5483B9425C2F}.Release|Any CPU.ActiveCfg = Release|Any CPU
		{3D7F80B2-C0B9-4BE7-B935-5483B9425C2F}.Release|Any CPU.Build.0 = Release|Any CPU
		{0F4BA643-EC45-4806-9407-498E0131FCB5}.Debug|Any CPU.ActiveCfg = Debug|Any CPU
		{0F4BA643-EC45-4806-9407-498E0131FCB5}.Debug|Any CPU.Build.0 = Debug|Any CPU
		{0F4BA643-EC45-4806-9407-498E0131FCB5}.Release|Any CPU.ActiveCfg = Release|Any CPU
		{0F4BA643-EC45-4806-9407-498E0131FCB5}.Release|Any CPU.Build.0 = Release|Any CPU
		{827E7FA5-6CE4-4C25-AFE7-8C04C3A71768}.Debug|Any CPU.ActiveCfg = Debug|Any CPU
		{827E7FA5-6CE4-4C25-AFE7-8C04C3A71768}.Debug|Any CPU.Build.0 = Debug|Any CPU
		{827E7FA5-6CE4-4C25-AFE7-8C04C3A71768}.Release|Any CPU.ActiveCfg = Release|Any CPU
		{827E7FA5-6CE4-4C25-AFE7-8C04C3A71768}.Release|Any CPU.Build.0 = Release|Any CPU
		{47C5013B-1CC6-4CE9-BC94-C4787D955CBA}.Debug|Any CPU.ActiveCfg = Debug|Any CPU
		{47C5013B-1CC6-4CE9-BC94-C4787D955CBA}.Debug|Any CPU.Build.0 = Debug|Any CPU
		{47C5013B-1CC6-4CE9-BC94-C4787D955CBA}.Release|Any CPU.ActiveCfg = Release|Any CPU
		{47C5013B-1CC6-4CE9-BC94-C4787D955CBA}.Release|Any CPU.Build.0 = Release|Any CPU
	EndGlobalSection
	GlobalSection(SolutionProperties) = preSolution
		HideSolutionNode = FALSE
	EndGlobalSection
	GlobalSection(ExtensibilityGlobals) = postSolution
		SolutionGuid = {F9AFD243-911C-4D98-A82D-529ED518D23E}
	EndGlobalSection
EndGlobal
